
Microsoft Visual Studio Solution File, Format Version 12.00
# Visual Studio Version 16
VisualStudioVersion = 16.0.31025.194
MinimumVisualStudioVersion = 10.0.40219.1
Project("{9A19103F-16F7-4668-BE54-9A1E7A4F7556}") = "EventsDelegates", "EventsDelegates\EventsDelegates.csproj", "{B87118CC-46B1-46EB-9774-A1A863DEF407}"
EndProject
Project("{9A19103F-16F7-4668-BE54-9A1E7A4F7556}") = "ThreadsTasks", "ThreadsTasks\ThreadsTasks.csproj", "{50733A99-1497-45A6-BB0C-2D352F51D14B}"
EndProject
Project("{9A19103F-16F7-4668-BE54-9A1E7A4F7556}") = "ThreadStartTaskRunStartNew", "ThreadStartTaskRunStartNew\ThreadStartTaskRunStartNew.csproj", "{158CF6E5-3596-43E7-A72F-B29FE9EF9A39}"
EndProject
Project("{9A19103F-16F7-4668-BE54-9A1E7A4F7556}") = "TaskRunVsTaskFactoryStartNew", "TaskRunVsTaskFactoryStartNew\TaskRunVsTaskFactoryStartNew.csproj", "{02A9C44C-42BF-4DD8-99BE-D7CB5888074B}"
EndProject
Project("{9A19103F-16F7-4668-BE54-9A1E7A4F7556}") = "ThreadStartTaskRunTaskFactoryStartNew", "ThreadStartTaskRunTaskFactoryStartNew\ThreadStartTaskRunTaskFactoryStartNew.csproj", "{E3421360-2367-4EFD-927D-B4397C5F7D0A}"
EndProject
Project("{9A19103F-16F7-4668-BE54-9A1E7A4F7556}") = "TaskRunVsAsyncAwait", "TaskRunVsAsyncAwait\TaskRunVsAsyncAwait.csproj", "{13BC0B55-BA4C-4864-BCCA-B95AD28035C4}"
EndProject
Project("{FAE04EC0-301F-11D3-BF4B-00C04F79EFBC}") = "Delegates", "Delegates\Delegates.csproj", "{E7DBF43F-09CF-4669-964D-C06FA52F4DFE}"
EndProject
Global
	GlobalSection(SolutionConfigurationPlatforms) = preSolution
		Debug|Any CPU = Debug|Any CPU
		Release|Any CPU = Release|Any CPU
	EndGlobalSection
	GlobalSection(ProjectConfigurationPlatforms) = postSolution
		{B87118CC-46B1-46EB-9774-A1A863DEF407}.Debug|Any CPU.ActiveCfg = Debug|Any CPU
		{B87118CC-46B1-46EB-9774-A1A863DEF407}.Debug|Any CPU.Build.0 = Debug|Any CPU
		{B87118CC-46B1-46EB-9774-A1A863DEF407}.Release|Any CPU.ActiveCfg = Release|Any CPU
		{B87118CC-46B1-46EB-9774-A1A863DEF407}.Release|Any CPU.Build.0 = Release|Any CPU
		{50733A99-1497-45A6-BB0C-2D352F51D14B}.Debug|Any CPU.ActiveCfg = Debug|Any CPU
		{50733A99-1497-45A6-BB0C-2D352F51D14B}.Debug|Any CPU.Build.0 = Debug|Any CPU
		{50733A99-1497-45A6-BB0C-2D352F51D14B}.Release|Any CPU.ActiveCfg = Release|Any CPU
		{50733A99-1497-45A6-BB0C-2D352F51D14B}.Release|Any CPU.Build.0 = Release|Any CPU
		{158CF6E5-3596-43E7-A72F-B29FE9EF9A39}.Debug|Any CPU.ActiveCfg = Debug|Any CPU
		{158CF6E5-3596-43E7-A72F-B29FE9EF9A39}.Debug|Any CPU.Build.0 = Debug|Any CPU
		{158CF6E5-3596-43E7-A72F-B29FE9EF9A39}.Release|Any CPU.ActiveCfg = Release|Any CPU
		{158CF6E5-3596-43E7-A72F-B29FE9EF9A39}.Release|Any CPU.Build.0 = Release|Any CPU
		{02A9C44C-42BF-4DD8-99BE-D7CB5888074B}.Debug|Any CPU.ActiveCfg = Debug|Any CPU
		{02A9C44C-42BF-4DD8-99BE-D7CB5888074B}.Debug|Any CPU.Build.0 = Debug|Any CPU
		{02A9C44C-42BF-4DD8-99BE-D7CB5888074B}.Release|Any CPU.ActiveCfg = Release|Any CPU
		{02A9C44C-42BF-4DD8-99BE-D7CB5888074B}.Release|Any CPU.Build.0 = Release|Any CPU
		{E3421360-2367-4EFD-927D-B4397C5F7D0A}.Debug|Any CPU.ActiveCfg = Debug|Any CPU
		{E3421360-2367-4EFD-927D-B4397C5F7D0A}.Debug|Any CPU.Build.0 = Debug|Any CPU
		{E3421360-2367-4EFD-927D-B4397C5F7D0A}.Release|Any CPU.ActiveCfg = Release|Any CPU
		{E3421360-2367-4EFD-927D-B4397C5F7D0A}.Release|Any CPU.Build.0 = Release|Any CPU
		{13BC0B55-BA4C-4864-BCCA-B95AD28035C4}.Debug|Any CPU.ActiveCfg = Debug|Any CPU
		{13BC0B55-BA4C-4864-BCCA-B95AD28035C4}.Debug|Any CPU.Build.0 = Debug|Any CPU
		{13BC0B55-BA4C-4864-BCCA-B95AD28035C4}.Release|Any CPU.ActiveCfg = Release|Any CPU
		{13BC0B55-BA4C-4864-BCCA-B95AD28035C4}.Release|Any CPU.Build.0 = Release|Any CPU
		{E7DBF43F-09CF-4669-964D-C06FA52F4DFE}.Debug|Any CPU.ActiveCfg = Debug|Any CPU
		{E7DBF43F-09CF-4669-964D-C06FA52F4DFE}.Debug|Any CPU.Build.0 = Debug|Any CPU
		{E7DBF43F-09CF-4669-964D-C06FA52F4DFE}.Release|Any CPU.ActiveCfg = Release|Any CPU
		{E7DBF43F-09CF-4669-964D-C06FA52F4DFE}.Release|Any CPU.Build.0 = Release|Any CPU
	EndGlobalSection
	GlobalSection(SolutionProperties) = preSolution
		HideSolutionNode = FALSE
	EndGlobalSection
	GlobalSection(ExtensibilityGlobals) = postSolution
		SolutionGuid = {FB27D481-868A-4BA1-8AB4-6FA06C9A653B}
	EndGlobalSection
EndGlobal
