
Microsoft Visual Studio Solution File, Format Version 12.00
# Visual Studio Version 16
VisualStudioVersion = 16.0.31025.194
MinimumVisualStudioVersion = 10.0.40219.1
Project("{9A19103F-16F7-4668-BE54-9A1E7A4F7556}") = "EventsDelegates", "EventsDelegates\EventsDelegates.csproj", "{B87118CC-46B1-46EB-9774-A1A863DEF407}"
EndProject
Project("{9A19103F-16F7-4668-BE54-9A1E7A4F7556}") = "ThreadsTasks", "ThreadsTasks\ThreadsTasks.csproj", "{50733A99-1497-45A6-BB0C-2D352F51D14B}"
EndProject
Project("{FAE04EC0-301F-11D3-BF4B-00C04F79EFBC}") = "ThreadStartTaskRunStartNew", "ThreadStartTaskRunStartNew\ThreadStartTaskRunStartNew.csproj", "{158CF6E5-3596-43E7-A72F-B29FE9EF9A39}"
EndProject
Global
	GlobalSection(SolutionConfigurationPlatforms) = preSolution
		Debug|Any CPU = Debug|Any CPU
		Release|Any CPU = Release|Any CPU
	EndGlobalSection
	GlobalSection(ProjectConfigurationPlatforms) = postSolution
		{B87118CC-46B1-46EB-9774-A1A863DEF407}.Debug|Any CPU.ActiveCfg = Debug|Any CPU
		{B87118CC-46B1-46EB-9774-A1A863DEF407}.Debug|Any CPU.Build.0 = Debug|Any CPU
		{B87118CC-46B1-46EB-9774-A1A863DEF407}.Release|Any CPU.ActiveCfg = Release|Any CPU
		{B87118CC-46B1-46EB-9774-A1A863DEF407}.Release|Any CPU.Build.0 = Release|Any CPU
		{50733A99-1497-45A6-BB0C-2D352F51D14B}.Debug|Any CPU.ActiveCfg = Debug|Any CPU
		{50733A99-1497-45A6-BB0C-2D352F51D14B}.Debug|Any CPU.Build.0 = Debug|Any CPU
		{50733A99-1497-45A6-BB0C-2D352F51D14B}.Release|Any CPU.ActiveCfg = Release|Any CPU
		{50733A99-1497-45A6-BB0C-2D352F51D14B}.Release|Any CPU.Build.0 = Release|Any CPU
		{158CF6E5-3596-43E7-A72F-B29FE9EF9A39}.Debug|Any CPU.ActiveCfg = Debug|Any CPU
		{158CF6E5-3596-43E7-A72F-B29FE9EF9A39}.Debug|Any CPU.Build.0 = Debug|Any CPU
		{158CF6E5-3596-43E7-A72F-B29FE9EF9A39}.Release|Any CPU.ActiveCfg = Release|Any CPU
		{158CF6E5-3596-43E7-A72F-B29FE9EF9A39}.Release|Any CPU.Build.0 = Release|Any CPU
	EndGlobalSection
	GlobalSection(SolutionProperties) = preSolution
		HideSolutionNode = FALSE
	EndGlobalSection
	GlobalSection(ExtensibilityGlobals) = postSolution
		SolutionGuid = {FB27D481-868A-4BA1-8AB4-6FA06C9A653B}
	EndGlobalSection
EndGlobal
